
Microsoft Visual Studio Solution File, Format Version 12.00
# Visual Studio Version 17
VisualStudioVersion = 17.8.34511.84
MinimumVisualStudioVersion = 10.0.40219.1
Project("{FAE04EC0-301F-11D3-BF4B-00C04F79EFBC}") = "MyDungeon", "MyDungeon\MyDungeon.csproj", "{65C35308-D871-4B44-B855-694661196DDA}"
EndProject
Project("{FAE04EC0-301F-11D3-BF4B-00C04F79EFBC}") = "DungeonLibrary", "DungeonLibrary\DungeonLibrary.csproj", "{B4B49733-7C14-4DF4-ACF5-4B2F231C1893}"
EndProject
Global
	GlobalSection(SolutionConfigurationPlatforms) = preSolution
		Debug|Any CPU = Debug|Any CPU
		Release|Any CPU = Release|Any CPU
	EndGlobalSection
	GlobalSection(ProjectConfigurationPlatforms) = postSolution
		{65C35308-D871-4B44-B855-694661196DDA}.Debug|Any CPU.ActiveCfg = Debug|Any CPU
		{65C35308-D871-4B44-B855-694661196DDA}.Debug|Any CPU.Build.0 = Debug|Any CPU
		{65C35308-D871-4B44-B855-694661196DDA}.Release|Any CPU.ActiveCfg = Release|Any CPU
		{65C35308-D871-4B44-B855-694661196DDA}.Release|Any CPU.Build.0 = Release|Any CPU
		{B4B49733-7C14-4DF4-ACF5-4B2F231C1893}.Debug|Any CPU.ActiveCfg = Debug|Any CPU
		{B4B49733-7C14-4DF4-ACF5-4B2F231C1893}.Debug|Any CPU.Build.0 = Debug|Any CPU
		{B4B49733-7C14-4DF4-ACF5-4B2F231C1893}.Release|Any CPU.ActiveCfg = Release|Any CPU
		{B4B49733-7C14-4DF4-ACF5-4B2F231C1893}.Release|Any CPU.Build.0 = Release|Any CPU
	EndGlobalSection
	GlobalSection(SolutionProperties) = preSolution
		HideSolutionNode = FALSE
	EndGlobalSection
	GlobalSection(ExtensibilityGlobals) = postSolution
		SolutionGuid = {B1DB0C90-BCB0-43AD-A364-AD395C4021FE}
	EndGlobalSection
EndGlobal
